// !$*UTF8*$!
{
	archiveVersion = 1;
	classes = {
	};
	objectVersion = 51;
	objects = {

/* Begin PBXBuildFile section */
		53BF131E587A94A6D3F3F6DD /* Pods_Rxswift.framework in Frameworks */ = {isa = PBXBuildFile; fileRef = E7F842E71F1F45C348601FA9 /* Pods_Rxswift.framework */; };
		DBE80AD926A5466A0012187C /* AppDelegate.swift in Sources */ = {isa = PBXBuildFile; fileRef = DBE80AD826A5466A0012187C /* AppDelegate.swift */; };
		DBE80ADB26A5466A0012187C /* SceneDelegate.swift in Sources */ = {isa = PBXBuildFile; fileRef = DBE80ADA26A5466A0012187C /* SceneDelegate.swift */; };
		DBE80ADD26A5466A0012187C /* ViewController.swift in Sources */ = {isa = PBXBuildFile; fileRef = DBE80ADC26A5466A0012187C /* ViewController.swift */; };
		DBE80AE026A5466A0012187C /* Main.storyboard in Resources */ = {isa = PBXBuildFile; fileRef = DBE80ADE26A5466A0012187C /* Main.storyboard */; };
		DBE80AE226A5466A0012187C /* Assets.xcassets in Resources */ = {isa = PBXBuildFile; fileRef = DBE80AE126A5466A0012187C /* Assets.xcassets */; };
		DBE80AE526A5466A0012187C /* LaunchScreen.storyboard in Resources */ = {isa = PBXBuildFile; fileRef = DBE80AE326A5466A0012187C /* LaunchScreen.storyboard */; };
/* End PBXBuildFile section */

/* Begin PBXFileReference section */
		252AEC27A66C16083D237900 /* Pods-Rxswift.debug.xcconfig */ = {isa = PBXFileReference; includeInIndex = 1; lastKnownFileType = text.xcconfig; name = "Pods-Rxswift.debug.xcconfig"; path = "Target Support Files/Pods-Rxswift/Pods-Rxswift.debug.xcconfig"; sourceTree = "<group>"; };
		CB804BAF722B602B403CF9C5 /* Pods-Rxswift.release.xcconfig */ = {isa = PBXFileReference; includeInIndex = 1; lastKnownFileType = text.xcconfig; name = "Pods-Rxswift.release.xcconfig"; path = "Target Support Files/Pods-Rxswift/Pods-Rxswift.release.xcconfig"; sourceTree = "<group>"; };
		DB05449226A9720000EDC0F7 /* zip.playground */ = {isa = PBXFileReference; lastKnownFileType = file.playground; path = zip.playground; sourceTree = "<group>"; xcLanguageSpecificationIdentifier = xcode.lang.swift; };
		DB05449426A9757D00EDC0F7 /* withLatestFrom.playground */ = {isa = PBXFileReference; lastKnownFileType = file.playground; path = withLatestFrom.playground; sourceTree = "<group>"; xcLanguageSpecificationIdentifier = xcode.lang.swift; };
		DB0CE39E26A5566500066F45 /* BehaviorSubject.playground */ = {isa = PBXFileReference; lastKnownFileType = file.playground; path = BehaviorSubject.playground; sourceTree = "<group>"; xcLanguageSpecificationIdentifier = xcode.lang.swift; };
		DB0CE39F26A5579E00066F45 /* ReplaySubject.playground */ = {isa = PBXFileReference; lastKnownFileType = file.playground; path = ReplaySubject.playground; sourceTree = "<group>"; xcLanguageSpecificationIdentifier = xcode.lang.swift; };
		DB0CE3A026A5651E00066F45 /* AsyncSubject.playground */ = {isa = PBXFileReference; lastKnownFileType = file.playground; path = AsyncSubject.playground; sourceTree = "<group>"; xcLanguageSpecificationIdentifier = xcode.lang.swift; };
		DB0CE3A126A5701400066F45 /* Relay.playground */ = {isa = PBXFileReference; lastKnownFileType = file.playground; path = Relay.playground; sourceTree = "<group>"; xcLanguageSpecificationIdentifier = xcode.lang.swift; };
		DB0CE3A326A5792E00066F45 /* Just.playground */ = {isa = PBXFileReference; lastKnownFileType = file.playground; path = Just.playground; sourceTree = "<group>"; xcLanguageSpecificationIdentifier = xcode.lang.swift; };
		DB0CE3A426A57D4100066F45 /* of.playground */ = {isa = PBXFileReference; lastKnownFileType = file.playground; path = of.playground; sourceTree = "<group>"; xcLanguageSpecificationIdentifier = xcode.lang.swift; };
		DB0CE3A526A57DBB00066F45 /* from.playground */ = {isa = PBXFileReference; lastKnownFileType = file.playground; path = from.playground; sourceTree = "<group>"; xcLanguageSpecificationIdentifier = xcode.lang.swift; };
		DB0CE3A626A57E0300066F45 /* Range.playground */ = {isa = PBXFileReference; lastKnownFileType = file.playground; path = Range.playground; sourceTree = "<group>"; xcLanguageSpecificationIdentifier = xcode.lang.swift; };
		DB0CE3A726A57E7600066F45 /* Generate.playground */ = {isa = PBXFileReference; lastKnownFileType = file.playground; path = Generate.playground; sourceTree = "<group>"; xcLanguageSpecificationIdentifier = xcode.lang.swift; };
		DB0CE3A826A5810900066F45 /* RepeatElement.playground */ = {isa = PBXFileReference; lastKnownFileType = file.playground; path = RepeatElement.playground; sourceTree = "<group>"; xcLanguageSpecificationIdentifier = xcode.lang.swift; };
		DB0CE3A926A5827700066F45 /* Deferred.playground */ = {isa = PBXFileReference; lastKnownFileType = file.playground; path = Deferred.playground; sourceTree = "<group>"; xcLanguageSpecificationIdentifier = xcode.lang.swift; };
		DB0CE3AA26A596CD00066F45 /* Create.playground */ = {isa = PBXFileReference; lastKnownFileType = file.playground; path = Create.playground; sourceTree = "<group>"; xcLanguageSpecificationIdentifier = xcode.lang.swift; };
		DB13CD6926A93112003FD4E3 /* merge.playground */ = {isa = PBXFileReference; lastKnownFileType = file.playground; path = merge.playground; sourceTree = "<group>"; xcLanguageSpecificationIdentifier = xcode.lang.swift; };
		DB353F2726A5A6270026C8CB /* Empty.playground */ = {isa = PBXFileReference; lastKnownFileType = file.playground; path = Empty.playground; sourceTree = "<group>"; xcLanguageSpecificationIdentifier = xcode.lang.swift; };
		DB353F2826A5A6600026C8CB /* Error.playground */ = {isa = PBXFileReference; lastKnownFileType = file.playground; path = Error.playground; sourceTree = "<group>"; xcLanguageSpecificationIdentifier = xcode.lang.swift; };
		DB5539BE26A987590084204D /* Sample.playground */ = {isa = PBXFileReference; lastKnownFileType = file.playground; path = Sample.playground; sourceTree = "<group>"; xcLanguageSpecificationIdentifier = xcode.lang.swift; };
		DB5539BF26A98A7E0084204D /* switchLatest.playground */ = {isa = PBXFileReference; lastKnownFileType = file.playground; path = switchLatest.playground; sourceTree = "<group>"; xcLanguageSpecificationIdentifier = xcode.lang.swift; };
		DB5CF9C126A5CBC100C53673 /* take.playground */ = {isa = PBXFileReference; lastKnownFileType = file.playground; path = take.playground; sourceTree = "<group>"; xcLanguageSpecificationIdentifier = xcode.lang.swift; };
		DB5CF9C226A5DA1B00C53673 /* Single.playground */ = {isa = PBXFileReference; lastKnownFileType = file.playground; path = Single.playground; sourceTree = "<group>"; xcLanguageSpecificationIdentifier = xcode.lang.swift; };
		DB5CF9C326A5DA5100C53673 /* distinctUntilChanged.playground */ = {isa = PBXFileReference; lastKnownFileType = file.playground; path = distinctUntilChanged.playground; sourceTree = "<group>"; xcLanguageSpecificationIdentifier = xcode.lang.swift; };
		DB5CF9C426A5DC0B00C53673 /* Debounce,Throttle.playground */ = {isa = PBXFileReference; lastKnownFileType = file.playground; path = "Debounce,Throttle.playground"; sourceTree = "<group>"; xcLanguageSpecificationIdentifier = xcode.lang.swift; };
		DB65171426A7EB9500169621 /* toArray.playground */ = {isa = PBXFileReference; lastKnownFileType = file.playground; path = toArray.playground; sourceTree = "<group>"; xcLanguageSpecificationIdentifier = xcode.lang.swift; };
		DB65171526A7ED6300169621 /* map.playground */ = {isa = PBXFileReference; lastKnownFileType = file.playground; path = map.playground; sourceTree = "<group>"; xcLanguageSpecificationIdentifier = xcode.lang.swift; };
		DB65171626A7EE3A00169621 /* flatMap.playground */ = {isa = PBXFileReference; lastKnownFileType = file.playground; path = flatMap.playground; sourceTree = "<group>"; xcLanguageSpecificationIdentifier = xcode.lang.swift; };
		DB79871026A5B1A7006F443A /* IgnoreElements.playground */ = {isa = PBXFileReference; lastKnownFileType = file.playground; path = IgnoreElements.playground; sourceTree = "<group>"; xcLanguageSpecificationIdentifier = xcode.lang.swift; };
		DB79871126A5B301006F443A /* ElementAt.playground */ = {isa = PBXFileReference; lastKnownFileType = file.playground; path = ElementAt.playground; sourceTree = "<group>"; xcLanguageSpecificationIdentifier = xcode.lang.swift; };
		DB79871226A5B415006F443A /* filter.playground */ = {isa = PBXFileReference; lastKnownFileType = file.playground; path = filter.playground; sourceTree = "<group>"; xcLanguageSpecificationIdentifier = xcode.lang.swift; };
		DB79871326A5B52F006F443A /* Skip.playground */ = {isa = PBXFileReference; lastKnownFileType = file.playground; path = Skip.playground; sourceTree = "<group>"; xcLanguageSpecificationIdentifier = xcode.lang.swift; };
		DB9C117326A95BD8006B3B7F /* combineLatest.playground */ = {isa = PBXFileReference; lastKnownFileType = file.playground; path = combineLatest.playground; sourceTree = "<group>"; xcLanguageSpecificationIdentifier = xcode.lang.swift; };
		DBAC6DDE26A9A7AB00A5FEA6 /* Reduce.playground */ = {isa = PBXFileReference; lastKnownFileType = file.playground; path = Reduce.playground; sourceTree = "<group>"; xcLanguageSpecificationIdentifier = xcode.lang.swift; };
		DBB1F78D26A8255800507A97 /* flatMapFirst.playground */ = {isa = PBXFileReference; lastKnownFileType = file.playground; path = flatMapFirst.playground; sourceTree = "<group>"; xcLanguageSpecificationIdentifier = xcode.lang.swift; };
		DBB1F78E26A8396D00507A97 /* scan.playground */ = {isa = PBXFileReference; lastKnownFileType = file.playground; path = scan.playground; sourceTree = "<group>"; xcLanguageSpecificationIdentifier = xcode.lang.swift; };
		DBB1F78F26A83A7000507A97 /* buffer.playground */ = {isa = PBXFileReference; lastKnownFileType = file.playground; path = buffer.playground; sourceTree = "<group>"; xcLanguageSpecificationIdentifier = xcode.lang.swift; };
		DBB1F79026A83CFD00507A97 /* window.playground */ = {isa = PBXFileReference; lastKnownFileType = file.playground; path = window.playground; sourceTree = "<group>"; xcLanguageSpecificationIdentifier = xcode.lang.swift; };
		DBB1F79126A876C800507A97 /* groupBy.playground */ = {isa = PBXFileReference; lastKnownFileType = file.playground; path = groupBy.playground; sourceTree = "<group>"; xcLanguageSpecificationIdentifier = xcode.lang.swift; };
		DBB1F79326A89D2D00507A97 /* startWith.playground */ = {isa = PBXFileReference; lastKnownFileType = file.playground; path = startWith.playground; sourceTree = "<group>"; xcLanguageSpecificationIdentifier = xcode.lang.swift; };
		DBE80AD526A5466A0012187C /* Rxswift.app */ = {isa = PBXFileReference; explicitFileType = wrapper.application; includeInIndex = 0; path = Rxswift.app; sourceTree = BUILT_PRODUCTS_DIR; };
		DBE80AD826A5466A0012187C /* AppDelegate.swift */ = {isa = PBXFileReference; lastKnownFileType = sourcecode.swift; path = AppDelegate.swift; sourceTree = "<group>"; };
		DBE80ADA26A5466A0012187C /* SceneDelegate.swift */ = {isa = PBXFileReference; lastKnownFileType = sourcecode.swift; path = SceneDelegate.swift; sourceTree = "<group>"; };
		DBE80ADC26A5466A0012187C /* ViewController.swift */ = {isa = PBXFileReference; lastKnownFileType = sourcecode.swift; path = ViewController.swift; sourceTree = "<group>"; };
		DBE80ADF26A5466A0012187C /* Base */ = {isa = PBXFileReference; lastKnownFileType = file.storyboard; name = Base; path = Base.lproj/Main.storyboard; sourceTree = "<group>"; };
		DBE80AE126A5466A0012187C /* Assets.xcassets */ = {isa = PBXFileReference; lastKnownFileType = folder.assetcatalog; path = Assets.xcassets; sourceTree = "<group>"; };
		DBE80AE426A5466A0012187C /* Base */ = {isa = PBXFileReference; lastKnownFileType = file.storyboard; name = Base; path = Base.lproj/LaunchScreen.storyboard; sourceTree = "<group>"; };
		DBE80AE626A5466A0012187C /* Info.plist */ = {isa = PBXFileReference; lastKnownFileType = text.plist.xml; path = Info.plist; sourceTree = "<group>"; };
		DBE80AED26A546F30012187C /* PublishSubject.playground */ = {isa = PBXFileReference; lastKnownFileType = file.playground; path = PublishSubject.playground; sourceTree = "<group>"; xcLanguageSpecificationIdentifier = xcode.lang.swift; };
		E7F842E71F1F45C348601FA9 /* Pods_Rxswift.framework */ = {isa = PBXFileReference; explicitFileType = wrapper.framework; includeInIndex = 0; path = Pods_Rxswift.framework; sourceTree = BUILT_PRODUCTS_DIR; };
/* End PBXFileReference section */

/* Begin PBXFrameworksBuildPhase section */
		DBE80AD226A5466A0012187C /* Frameworks */ = {
			isa = PBXFrameworksBuildPhase;
			buildActionMask = 2147483647;
			files = (
				53BF131E587A94A6D3F3F6DD /* Pods_Rxswift.framework in Frameworks */,
			);
			runOnlyForDeploymentPostprocessing = 0;
		};
/* End PBXFrameworksBuildPhase section */

/* Begin PBXGroup section */
		9DF5668EBD8313E0781F54E5 /* Pods */ = {
			isa = PBXGroup;
			children = (
				252AEC27A66C16083D237900 /* Pods-Rxswift.debug.xcconfig */,
				CB804BAF722B602B403CF9C5 /* Pods-Rxswift.release.xcconfig */,
			);
			path = Pods;
			sourceTree = "<group>";
		};
		DB0CE3A226A5790C00066F45 /* Operator */ = {
			isa = PBXGroup;
			children = (
				DB0CE3A326A5792E00066F45 /* Just.playground */,
				DB0CE3A426A57D4100066F45 /* of.playground */,
				DB0CE3A526A57DBB00066F45 /* from.playground */,
				DB0CE3A626A57E0300066F45 /* Range.playground */,
				DB0CE3A726A57E7600066F45 /* Generate.playground */,
				DB0CE3A826A5810900066F45 /* RepeatElement.playground */,
				DB0CE3A926A5827700066F45 /* Deferred.playground */,
				DB0CE3AA26A596CD00066F45 /* Create.playground */,
				DB353F2726A5A6270026C8CB /* Empty.playground */,
				DB353F2826A5A6600026C8CB /* Error.playground */,
			);
			path = Operator;
			sourceTree = "<group>";
		};
		DB65171326A7EB6F00169621 /* Transforming Operators */ = {
			isa = PBXGroup;
			children = (
				DB65171426A7EB9500169621 /* toArray.playground */,
				DB65171526A7ED6300169621 /* map.playground */,
				DB65171626A7EE3A00169621 /* flatMap.playground */,
				DBB1F78D26A8255800507A97 /* flatMapFirst.playground */,
				DBB1F78E26A8396D00507A97 /* scan.playground */,
				DBB1F78F26A83A7000507A97 /* buffer.playground */,
				DBB1F79026A83CFD00507A97 /* window.playground */,
				DBB1F79126A876C800507A97 /* groupBy.playground */,
			);
			path = "Transforming Operators";
			sourceTree = "<group>";
		};
		DB79870F26A5B175006F443A /* Filtering Operators */ = {
			isa = PBXGroup;
			children = (
				DB79871026A5B1A7006F443A /* IgnoreElements.playground */,
				DB79871126A5B301006F443A /* ElementAt.playground */,
				DB79871226A5B415006F443A /* filter.playground */,
				DB79871326A5B52F006F443A /* Skip.playground */,
				DB5CF9C126A5CBC100C53673 /* take.playground */,
				DB5CF9C226A5DA1B00C53673 /* Single.playground */,
				DB5CF9C326A5DA5100C53673 /* distinctUntilChanged.playground */,
				DB5CF9C426A5DC0B00C53673 /* Debounce,Throttle.playground */,
			);
			path = "Filtering Operators";
			sourceTree = "<group>";
		};
		DBB1F79226A89D1300507A97 /* Combining Operators */ = {
			isa = PBXGroup;
			children = (
				DBB1F79326A89D2D00507A97 /* startWith.playground */,
				DB13CD6926A93112003FD4E3 /* merge.playground */,
				DB9C117326A95BD8006B3B7F /* combineLatest.playground */,
				DB05449226A9720000EDC0F7 /* zip.playground */,
				DB05449426A9757D00EDC0F7 /* withLatestFrom.playground */,
				DB5539BE26A987590084204D /* Sample.playground */,
				DB5539BF26A98A7E0084204D /* switchLatest.playground */,
				DBAC6DDE26A9A7AB00A5FEA6 /* Reduce.playground */,
			);
			path = "Combining Operators";
			sourceTree = "<group>";
		};
		DBE80ACC26A5466A0012187C = {
			isa = PBXGroup;
			children = (
				DBB1F79226A89D1300507A97 /* Combining Operators */,
				DB65171326A7EB6F00169621 /* Transforming Operators */,
				DB79870F26A5B175006F443A /* Filtering Operators */,
				DBE80AEC26A546D00012187C /* Subjects */,
				DB0CE3A226A5790C00066F45 /* Operator */,
				DBE80AD726A5466A0012187C /* Rxswift */,
				DBE80AD626A5466A0012187C /* Products */,
				9DF5668EBD8313E0781F54E5 /* Pods */,
				DF59B65F7F9066F2E7B0B4CD /* Frameworks */,
			);
			sourceTree = "<group>";
		};
		DBE80AD626A5466A0012187C /* Products */ = {
			isa = PBXGroup;
			children = (
				DBE80AD526A5466A0012187C /* Rxswift.app */,
			);
			name = Products;
			sourceTree = "<group>";
		};
		DBE80AD726A5466A0012187C /* Rxswift */ = {
			isa = PBXGroup;
			children = (
				DBE80AD826A5466A0012187C /* AppDelegate.swift */,
				DBE80ADA26A5466A0012187C /* SceneDelegate.swift */,
				DBE80ADC26A5466A0012187C /* ViewController.swift */,
				DBE80ADE26A5466A0012187C /* Main.storyboard */,
				DBE80AE126A5466A0012187C /* Assets.xcassets */,
				DBE80AE326A5466A0012187C /* LaunchScreen.storyboard */,
				DBE80AE626A5466A0012187C /* Info.plist */,
			);
			path = Rxswift;
			sourceTree = "<group>";
		};
		DBE80AEC26A546D00012187C /* Subjects */ = {
			isa = PBXGroup;
			children = (
				DBE80AED26A546F30012187C /* PublishSubject.playground */,
				DB0CE39E26A5566500066F45 /* BehaviorSubject.playground */,
				DB0CE39F26A5579E00066F45 /* ReplaySubject.playground */,
				DB0CE3A026A5651E00066F45 /* AsyncSubject.playground */,
				DB0CE3A126A5701400066F45 /* Relay.playground */,
			);
			path = Subjects;
			sourceTree = "<group>";
		};
		DF59B65F7F9066F2E7B0B4CD /* Frameworks */ = {
			isa = PBXGroup;
			children = (
				E7F842E71F1F45C348601FA9 /* Pods_Rxswift.framework */,
			);
			name = Frameworks;
			sourceTree = "<group>";
		};
/* End PBXGroup section */

/* Begin PBXNativeTarget section */
		DBE80AD426A5466A0012187C /* Rxswift */ = {
			isa = PBXNativeTarget;
			buildConfigurationList = DBE80AE926A5466A0012187C /* Build configuration list for PBXNativeTarget "Rxswift" */;
			buildPhases = (
				80C064791812992E43BAE471 /* [CP] Check Pods Manifest.lock */,
				DBE80AD126A5466A0012187C /* Sources */,
				DBE80AD226A5466A0012187C /* Frameworks */,
				DBE80AD326A5466A0012187C /* Resources */,
				81187158CE61687E0B6731AD /* [CP] Embed Pods Frameworks */,
			);
			buildRules = (
			);
			dependencies = (
			);
			name = Rxswift;
			productName = Rxswift;
			productReference = DBE80AD526A5466A0012187C /* Rxswift.app */;
			productType = "com.apple.product-type.application";
		};
/* End PBXNativeTarget section */

/* Begin PBXProject section */
		DBE80ACD26A5466A0012187C /* Project object */ = {
			isa = PBXProject;
			attributes = {
				LastSwiftUpdateCheck = 1250;
				LastUpgradeCheck = 1250;
				TargetAttributes = {
					DBE80AD426A5466A0012187C = {
						CreatedOnToolsVersion = 12.5;
					};
				};
			};
			buildConfigurationList = DBE80AD026A5466A0012187C /* Build configuration list for PBXProject "Rxswift" */;
			compatibilityVersion = "Xcode 9.3";
			developmentRegion = en;
			hasScannedForEncodings = 0;
			knownRegions = (
				en,
				Base,
			);
			mainGroup = DBE80ACC26A5466A0012187C;
			productRefGroup = DBE80AD626A5466A0012187C /* Products */;
			projectDirPath = "";
			projectRoot = "";
			targets = (
				DBE80AD426A5466A0012187C /* Rxswift */,
			);
		};
/* End PBXProject section */

/* Begin PBXResourcesBuildPhase section */
		DBE80AD326A5466A0012187C /* Resources */ = {
			isa = PBXResourcesBuildPhase;
			buildActionMask = 2147483647;
			files = (
				DBE80AE526A5466A0012187C /* LaunchScreen.storyboard in Resources */,
				DBE80AE226A5466A0012187C /* Assets.xcassets in Resources */,
				DBE80AE026A5466A0012187C /* Main.storyboard in Resources */,
			);
			runOnlyForDeploymentPostprocessing = 0;
		};
/* End PBXResourcesBuildPhase section */

/* Begin PBXShellScriptBuildPhase section */
		80C064791812992E43BAE471 /* [CP] Check Pods Manifest.lock */ = {
			isa = PBXShellScriptBuildPhase;
			buildActionMask = 2147483647;
			files = (
			);
			inputFileListPaths = (
			);
			inputPaths = (
				"${PODS_PODFILE_DIR_PATH}/Podfile.lock",
				"${PODS_ROOT}/Manifest.lock",
			);
			name = "[CP] Check Pods Manifest.lock";
			outputFileListPaths = (
			);
			outputPaths = (
				"$(DERIVED_FILE_DIR)/Pods-Rxswift-checkManifestLockResult.txt",
			);
			runOnlyForDeploymentPostprocessing = 0;
			shellPath = /bin/sh;
			shellScript = "diff \"${PODS_PODFILE_DIR_PATH}/Podfile.lock\" \"${PODS_ROOT}/Manifest.lock\" > /dev/null\nif [ $? != 0 ] ; then\n    # print error to STDERR\n    echo \"error: The sandbox is not in sync with the Podfile.lock. Run 'pod install' or update your CocoaPods installation.\" >&2\n    exit 1\nfi\n# This output is used by Xcode 'outputs' to avoid re-running this script phase.\necho \"SUCCESS\" > \"${SCRIPT_OUTPUT_FILE_0}\"\n";
			showEnvVarsInLog = 0;
		};
		81187158CE61687E0B6731AD /* [CP] Embed Pods Frameworks */ = {
			isa = PBXShellScriptBuildPhase;
			buildActionMask = 2147483647;
			files = (
			);
			inputFileListPaths = (
				"${PODS_ROOT}/Target Support Files/Pods-Rxswift/Pods-Rxswift-frameworks-${CONFIGURATION}-input-files.xcfilelist",
			);
			name = "[CP] Embed Pods Frameworks";
			outputFileListPaths = (
				"${PODS_ROOT}/Target Support Files/Pods-Rxswift/Pods-Rxswift-frameworks-${CONFIGURATION}-output-files.xcfilelist",
			);
			runOnlyForDeploymentPostprocessing = 0;
			shellPath = /bin/sh;
			shellScript = "\"${PODS_ROOT}/Target Support Files/Pods-Rxswift/Pods-Rxswift-frameworks.sh\"\n";
			showEnvVarsInLog = 0;
		};
/* End PBXShellScriptBuildPhase section */

/* Begin PBXSourcesBuildPhase section */
		DBE80AD126A5466A0012187C /* Sources */ = {
			isa = PBXSourcesBuildPhase;
			buildActionMask = 2147483647;
			files = (
				DBE80ADD26A5466A0012187C /* ViewController.swift in Sources */,
				DBE80AD926A5466A0012187C /* AppDelegate.swift in Sources */,
				DBE80ADB26A5466A0012187C /* SceneDelegate.swift in Sources */,
			);
			runOnlyForDeploymentPostprocessing = 0;
		};
/* End PBXSourcesBuildPhase section */

/* Begin PBXVariantGroup section */
		DBE80ADE26A5466A0012187C /* Main.storyboard */ = {
			isa = PBXVariantGroup;
			children = (
				DBE80ADF26A5466A0012187C /* Base */,
			);
			name = Main.storyboard;
			sourceTree = "<group>";
		};
		DBE80AE326A5466A0012187C /* LaunchScreen.storyboard */ = {
			isa = PBXVariantGroup;
			children = (
				DBE80AE426A5466A0012187C /* Base */,
			);
			name = LaunchScreen.storyboard;
			sourceTree = "<group>";
		};
/* End PBXVariantGroup section */

/* Begin XCBuildConfiguration section */
		DBE80AE726A5466A0012187C /* Debug */ = {
			isa = XCBuildConfiguration;
			buildSettings = {
				ALWAYS_SEARCH_USER_PATHS = NO;
				CLANG_ANALYZER_NONNULL = YES;
				CLANG_ANALYZER_NUMBER_OBJECT_CONVERSION = YES_AGGRESSIVE;
				CLANG_CXX_LANGUAGE_STANDARD = "gnu++14";
				CLANG_CXX_LIBRARY = "libc++";
				CLANG_ENABLE_MODULES = YES;
				CLANG_ENABLE_OBJC_ARC = YES;
				CLANG_ENABLE_OBJC_WEAK = YES;
				CLANG_WARN_BLOCK_CAPTURE_AUTORELEASING = YES;
				CLANG_WARN_BOOL_CONVERSION = YES;
				CLANG_WARN_COMMA = YES;
				CLANG_WARN_CONSTANT_CONVERSION = YES;
				CLANG_WARN_DEPRECATED_OBJC_IMPLEMENTATIONS = YES;
				CLANG_WARN_DIRECT_OBJC_ISA_USAGE = YES_ERROR;
				CLANG_WARN_DOCUMENTATION_COMMENTS = YES;
				CLANG_WARN_EMPTY_BODY = YES;
				CLANG_WARN_ENUM_CONVERSION = YES;
				CLANG_WARN_INFINITE_RECURSION = YES;
				CLANG_WARN_INT_CONVERSION = YES;
				CLANG_WARN_NON_LITERAL_NULL_CONVERSION = YES;
				CLANG_WARN_OBJC_IMPLICIT_RETAIN_SELF = YES;
				CLANG_WARN_OBJC_LITERAL_CONVERSION = YES;
				CLANG_WARN_OBJC_ROOT_CLASS = YES_ERROR;
				CLANG_WARN_QUOTED_INCLUDE_IN_FRAMEWORK_HEADER = YES;
				CLANG_WARN_RANGE_LOOP_ANALYSIS = YES;
				CLANG_WARN_STRICT_PROTOTYPES = YES;
				CLANG_WARN_SUSPICIOUS_MOVE = YES;
				CLANG_WARN_UNGUARDED_AVAILABILITY = YES_AGGRESSIVE;
				CLANG_WARN_UNREACHABLE_CODE = YES;
				CLANG_WARN__DUPLICATE_METHOD_MATCH = YES;
				COPY_PHASE_STRIP = NO;
				DEBUG_INFORMATION_FORMAT = dwarf;
				ENABLE_STRICT_OBJC_MSGSEND = YES;
				ENABLE_TESTABILITY = YES;
				GCC_C_LANGUAGE_STANDARD = gnu11;
				GCC_DYNAMIC_NO_PIC = NO;
				GCC_NO_COMMON_BLOCKS = YES;
				GCC_OPTIMIZATION_LEVEL = 0;
				GCC_PREPROCESSOR_DEFINITIONS = (
					"DEBUG=1",
					"$(inherited)",
				);
				GCC_WARN_64_TO_32_BIT_CONVERSION = YES;
				GCC_WARN_ABOUT_RETURN_TYPE = YES_ERROR;
				GCC_WARN_UNDECLARED_SELECTOR = YES;
				GCC_WARN_UNINITIALIZED_AUTOS = YES_AGGRESSIVE;
				GCC_WARN_UNUSED_FUNCTION = YES;
				GCC_WARN_UNUSED_VARIABLE = YES;
				IPHONEOS_DEPLOYMENT_TARGET = 14.5;
				MTL_ENABLE_DEBUG_INFO = INCLUDE_SOURCE;
				MTL_FAST_MATH = YES;
				ONLY_ACTIVE_ARCH = YES;
				SDKROOT = iphoneos;
				SWIFT_ACTIVE_COMPILATION_CONDITIONS = DEBUG;
				SWIFT_OPTIMIZATION_LEVEL = "-Onone";
			};
			name = Debug;
		};
		DBE80AE826A5466A0012187C /* Release */ = {
			isa = XCBuildConfiguration;
			buildSettings = {
				ALWAYS_SEARCH_USER_PATHS = NO;
				CLANG_ANALYZER_NONNULL = YES;
				CLANG_ANALYZER_NUMBER_OBJECT_CONVERSION = YES_AGGRESSIVE;
				CLANG_CXX_LANGUAGE_STANDARD = "gnu++14";
				CLANG_CXX_LIBRARY = "libc++";
				CLANG_ENABLE_MODULES = YES;
				CLANG_ENABLE_OBJC_ARC = YES;
				CLANG_ENABLE_OBJC_WEAK = YES;
				CLANG_WARN_BLOCK_CAPTURE_AUTORELEASING = YES;
				CLANG_WARN_BOOL_CONVERSION = YES;
				CLANG_WARN_COMMA = YES;
				CLANG_WARN_CONSTANT_CONVERSION = YES;
				CLANG_WARN_DEPRECATED_OBJC_IMPLEMENTATIONS = YES;
				CLANG_WARN_DIRECT_OBJC_ISA_USAGE = YES_ERROR;
				CLANG_WARN_DOCUMENTATION_COMMENTS = YES;
				CLANG_WARN_EMPTY_BODY = YES;
				CLANG_WARN_ENUM_CONVERSION = YES;
				CLANG_WARN_INFINITE_RECURSION = YES;
				CLANG_WARN_INT_CONVERSION = YES;
				CLANG_WARN_NON_LITERAL_NULL_CONVERSION = YES;
				CLANG_WARN_OBJC_IMPLICIT_RETAIN_SELF = YES;
				CLANG_WARN_OBJC_LITERAL_CONVERSION = YES;
				CLANG_WARN_OBJC_ROOT_CLASS = YES_ERROR;
				CLANG_WARN_QUOTED_INCLUDE_IN_FRAMEWORK_HEADER = YES;
				CLANG_WARN_RANGE_LOOP_ANALYSIS = YES;
				CLANG_WARN_STRICT_PROTOTYPES = YES;
				CLANG_WARN_SUSPICIOUS_MOVE = YES;
				CLANG_WARN_UNGUARDED_AVAILABILITY = YES_AGGRESSIVE;
				CLANG_WARN_UNREACHABLE_CODE = YES;
				CLANG_WARN__DUPLICATE_METHOD_MATCH = YES;
				COPY_PHASE_STRIP = NO;
				DEBUG_INFORMATION_FORMAT = "dwarf-with-dsym";
				ENABLE_NS_ASSERTIONS = NO;
				ENABLE_STRICT_OBJC_MSGSEND = YES;
				GCC_C_LANGUAGE_STANDARD = gnu11;
				GCC_NO_COMMON_BLOCKS = YES;
				GCC_WARN_64_TO_32_BIT_CONVERSION = YES;
				GCC_WARN_ABOUT_RETURN_TYPE = YES_ERROR;
				GCC_WARN_UNDECLARED_SELECTOR = YES;
				GCC_WARN_UNINITIALIZED_AUTOS = YES_AGGRESSIVE;
				GCC_WARN_UNUSED_FUNCTION = YES;
				GCC_WARN_UNUSED_VARIABLE = YES;
				IPHONEOS_DEPLOYMENT_TARGET = 14.5;
				MTL_ENABLE_DEBUG_INFO = NO;
				MTL_FAST_MATH = YES;
				SDKROOT = iphoneos;
				SWIFT_COMPILATION_MODE = wholemodule;
				SWIFT_OPTIMIZATION_LEVEL = "-O";
				VALIDATE_PRODUCT = YES;
			};
			name = Release;
		};
		DBE80AEA26A5466A0012187C /* Debug */ = {
			isa = XCBuildConfiguration;
			baseConfigurationReference = 252AEC27A66C16083D237900 /* Pods-Rxswift.debug.xcconfig */;
			buildSettings = {
				ASSETCATALOG_COMPILER_APPICON_NAME = AppIcon;
				ASSETCATALOG_COMPILER_GLOBAL_ACCENT_COLOR_NAME = AccentColor;
				CODE_SIGN_STYLE = Automatic;
				DEVELOPMENT_TEAM = 5YP67MDYBC;
				INFOPLIST_FILE = Rxswift/Info.plist;
				LD_RUNPATH_SEARCH_PATHS = (
					"$(inherited)",
					"@executable_path/Frameworks",
				);
				PRODUCT_BUNDLE_IDENTIFIER = com.kimhwan.Rxswift;
				PRODUCT_NAME = "$(TARGET_NAME)";
				SWIFT_VERSION = 5.0;
				TARGETED_DEVICE_FAMILY = "1,2";
			};
			name = Debug;
		};
		DBE80AEB26A5466A0012187C /* Release */ = {
			isa = XCBuildConfiguration;
			baseConfigurationReference = CB804BAF722B602B403CF9C5 /* Pods-Rxswift.release.xcconfig */;
			buildSettings = {
				ASSETCATALOG_COMPILER_APPICON_NAME = AppIcon;
				ASSETCATALOG_COMPILER_GLOBAL_ACCENT_COLOR_NAME = AccentColor;
				CODE_SIGN_STYLE = Automatic;
				DEVELOPMENT_TEAM = 5YP67MDYBC;
				INFOPLIST_FILE = Rxswift/Info.plist;
				LD_RUNPATH_SEARCH_PATHS = (
					"$(inherited)",
					"@executable_path/Frameworks",
				);
				PRODUCT_BUNDLE_IDENTIFIER = com.kimhwan.Rxswift;
				PRODUCT_NAME = "$(TARGET_NAME)";
				SWIFT_VERSION = 5.0;
				TARGETED_DEVICE_FAMILY = "1,2";
			};
			name = Release;
		};
/* End XCBuildConfiguration section */

/* Begin XCConfigurationList section */
		DBE80AD026A5466A0012187C /* Build configuration list for PBXProject "Rxswift" */ = {
			isa = XCConfigurationList;
			buildConfigurations = (
				DBE80AE726A5466A0012187C /* Debug */,
				DBE80AE826A5466A0012187C /* Release */,
			);
			defaultConfigurationIsVisible = 0;
			defaultConfigurationName = Release;
		};
		DBE80AE926A5466A0012187C /* Build configuration list for PBXNativeTarget "Rxswift" */ = {
			isa = XCConfigurationList;
			buildConfigurations = (
				DBE80AEA26A5466A0012187C /* Debug */,
				DBE80AEB26A5466A0012187C /* Release */,
			);
			defaultConfigurationIsVisible = 0;
			defaultConfigurationName = Release;
		};
/* End XCConfigurationList section */
	};
	rootObject = DBE80ACD26A5466A0012187C /* Project object */;
}
